// !$*UTF8*$!
{
	archiveVersion = 1;
	classes = {
	};
	objectVersion = 46;
	objects = {

/* Begin PBXBuildFile section */
		27ED401718DB477800B29D34 /* Foundation.framework in Frameworks */ = {isa = PBXBuildFile; fileRef = 27ED401618DB477700B29D34 /* Foundation.framework */; };
		27ED401918DB477800B29D34 /* CoreGraphics.framework in Frameworks */ = {isa = PBXBuildFile; fileRef = 27ED401818DB477800B29D34 /* CoreGraphics.framework */; };
		27ED401B18DB477800B29D34 /* UIKit.framework in Frameworks */ = {isa = PBXBuildFile; fileRef = 27ED401A18DB477800B29D34 /* UIKit.framework */; };
		27ED402118DB477800B29D34 /* InfoPlist.strings in Resources */ = {isa = PBXBuildFile; fileRef = 27ED401F18DB477800B29D34 /* InfoPlist.strings */; };
		27ED402318DB477800B29D34 /* main.m in Sources */ = {isa = PBXBuildFile; fileRef = 27ED402218DB477800B29D34 /* main.m */; };
		27ED402718DB477800B29D34 /* HTAppDelegate.m in Sources */ = {isa = PBXBuildFile; fileRef = 27ED402618DB477800B29D34 /* HTAppDelegate.m */; };
		27ED402A18DB477800B29D34 /* Main.storyboard in Resources */ = {isa = PBXBuildFile; fileRef = 27ED402818DB477800B29D34 /* Main.storyboard */; };
		27ED402D18DB477800B29D34 /* HTViewController.m in Sources */ = {isa = PBXBuildFile; fileRef = 27ED402C18DB477800B29D34 /* HTViewController.m */; };
		27ED402F18DB477800B29D34 /* Images.xcassets in Resources */ = {isa = PBXBuildFile; fileRef = 27ED402E18DB477800B29D34 /* Images.xcassets */; };
		27ED403618DB477800B29D34 /* XCTest.framework in Frameworks */ = {isa = PBXBuildFile; fileRef = 27ED403518DB477800B29D34 /* XCTest.framework */; };
		27ED403718DB477800B29D34 /* Foundation.framework in Frameworks */ = {isa = PBXBuildFile; fileRef = 27ED401618DB477700B29D34 /* Foundation.framework */; };
		27ED403818DB477800B29D34 /* UIKit.framework in Frameworks */ = {isa = PBXBuildFile; fileRef = 27ED401A18DB477800B29D34 /* UIKit.framework */; };
		27ED404018DB477800B29D34 /* InfoPlist.strings in Resources */ = {isa = PBXBuildFile; fileRef = 27ED403E18DB477800B29D34 /* InfoPlist.strings */; };
		27ED404218DB477800B29D34 /* HelloTiPTests.m in Sources */ = {isa = PBXBuildFile; fileRef = 27ED404118DB477800B29D34 /* HelloTiPTests.m */; };
/* End PBXBuildFile section */

/* Begin PBXContainerItemProxy section */
		27ED403918DB477800B29D34 /* PBXContainerItemProxy */ = {
			isa = PBXContainerItemProxy;
			containerPortal = 27ED400B18DB477700B29D34 /* Project object */;
			proxyType = 1;
			remoteGlobalIDString = 27ED401218DB477700B29D34;
			remoteInfo = HelloTiP;
		};
/* End PBXContainerItemProxy section */

/* Begin PBXFileReference section */
		27ED401318DB477700B29D34 /* HelloTiP.app */ = {isa = PBXFileReference; explicitFileType = wrapper.application; includeInIndex = 0; path = HelloTiP.app; sourceTree = BUILT_PRODUCTS_DIR; };
		27ED401618DB477700B29D34 /* Foundation.framework */ = {isa = PBXFileReference; lastKnownFileType = wrapper.framework; name = Foundation.framework; path = System/Library/Frameworks/Foundation.framework; sourceTree = SDKROOT; };
		27ED401818DB477800B29D34 /* CoreGraphics.framework */ = {isa = PBXFileReference; lastKnownFileType = wrapper.framework; name = CoreGraphics.framework; path = System/Library/Frameworks/CoreGraphics.framework; sourceTree = SDKROOT; };
		27ED401A18DB477800B29D34 /* UIKit.framework */ = {isa = PBXFileReference; lastKnownFileType = wrapper.framework; name = UIKit.framework; path = System/Library/Frameworks/UIKit.framework; sourceTree = SDKROOT; };
		27ED401E18DB477800B29D34 /* HelloTiP-Info.plist */ = {isa = PBXFileReference; lastKnownFileType = text.plist.xml; path = "HelloTiP-Info.plist"; sourceTree = "<group>"; };
		27ED402018DB477800B29D34 /* en */ = {isa = PBXFileReference; lastKnownFileType = text.plist.strings; name = en; path = en.lproj/InfoPlist.strings; sourceTree = "<group>"; };
		27ED402218DB477800B29D34 /* main.m */ = {isa = PBXFileReference; lastKnownFileType = sourcecode.c.objc; path = main.m; sourceTree = "<group>"; };
		27ED402418DB477800B29D34 /* HelloTiP-Prefix.pch */ = {isa = PBXFileReference; lastKnownFileType = sourcecode.c.h; path = "HelloTiP-Prefix.pch"; sourceTree = "<group>"; };
		27ED402518DB477800B29D34 /* HTAppDelegate.h */ = {isa = PBXFileReference; lastKnownFileType = sourcecode.c.h; path = HTAppDelegate.h; sourceTree = "<group>"; };
		27ED402618DB477800B29D34 /* HTAppDelegate.m */ = {isa = PBXFileReference; lastKnownFileType = sourcecode.c.objc; path = HTAppDelegate.m; sourceTree = "<group>"; };
		27ED402918DB477800B29D34 /* Base */ = {isa = PBXFileReference; lastKnownFileType = file.storyboard; name = Base; path = Base.lproj/Main.storyboard; sourceTree = "<group>"; };
		27ED402B18DB477800B29D34 /* HTViewController.h */ = {isa = PBXFileReference; lastKnownFileType = sourcecode.c.h; path = HTViewController.h; sourceTree = "<group>"; };
		27ED402C18DB477800B29D34 /* HTViewController.m */ = {isa = PBXFileReference; lastKnownFileType = sourcecode.c.objc; path = HTViewController.m; sourceTree = "<group>"; };
		27ED402E18DB477800B29D34 /* Images.xcassets */ = {isa = PBXFileReference; lastKnownFileType = folder.assetcatalog; path = Images.xcassets; sourceTree = "<group>"; };
		27ED403418DB477800B29D34 /* HelloTiPTests.xctest */ = {isa = PBXFileReference; explicitFileType = wrapper.cfbundle; includeInIndex = 0; path = HelloTiPTests.xctest; sourceTree = BUILT_PRODUCTS_DIR; };
		27ED403518DB477800B29D34 /* XCTest.framework */ = {isa = PBXFileReference; lastKnownFileType = wrapper.framework; name = XCTest.framework; path = Library/Frameworks/XCTest.framework; sourceTree = DEVELOPER_DIR; };
		27ED403D18DB477800B29D34 /* HelloTiPTests-Info.plist */ = {isa = PBXFileReference; lastKnownFileType = text.plist.xml; path = "HelloTiPTests-Info.plist"; sourceTree = "<group>"; };
		27ED403F18DB477800B29D34 /* en */ = {isa = PBXFileReference; lastKnownFileType = text.plist.strings; name = en; path = en.lproj/InfoPlist.strings; sourceTree = "<group>"; };
		27ED404118DB477800B29D34 /* HelloTiPTests.m */ = {isa = PBXFileReference; lastKnownFileType = sourcecode.c.objc; path = HelloTiPTests.m; sourceTree = "<group>"; };
/* End PBXFileReference section */

/* Begin PBXFrameworksBuildPhase section */
		27ED401018DB477700B29D34 /* Frameworks */ = {
			isa = PBXFrameworksBuildPhase;
			buildActionMask = 2147483647;
			files = (
				27ED401918DB477800B29D34 /* CoreGraphics.framework in Frameworks */,
				27ED401B18DB477800B29D34 /* UIKit.framework in Frameworks */,
				27ED401718DB477800B29D34 /* Foundation.framework in Frameworks */,
			);
			runOnlyForDeploymentPostprocessing = 0;
		};
		27ED403118DB477800B29D34 /* Frameworks */ = {
			isa = PBXFrameworksBuildPhase;
			buildActionMask = 2147483647;
			files = (
				27ED403618DB477800B29D34 /* XCTest.framework in Frameworks */,
				27ED403818DB477800B29D34 /* UIKit.framework in Frameworks */,
				27ED403718DB477800B29D34 /* Foundation.framework in Frameworks */,
			);
			runOnlyForDeploymentPostprocessing = 0;
		};
/* End PBXFrameworksBuildPhase section */

/* Begin PBXGroup section */
		27ED400A18DB477700B29D34 = {
			isa = PBXGroup;
			children = (
				27ED401C18DB477800B29D34 /* HelloTiP */,
				27ED403B18DB477800B29D34 /* HelloTiPTests */,
				27ED401518DB477700B29D34 /* Frameworks */,
				27ED401418DB477700B29D34 /* Products */,
			);
			sourceTree = "<group>";
		};
		27ED401418DB477700B29D34 /* Products */ = {
			isa = PBXGroup;
			children = (
				27ED401318DB477700B29D34 /* HelloTiP.app */,
				27ED403418DB477800B29D34 /* HelloTiPTests.xctest */,
			);
			name = Products;
			sourceTree = "<group>";
		};
		27ED401518DB477700B29D34 /* Frameworks */ = {
			isa = PBXGroup;
			children = (
				27ED401618DB477700B29D34 /* Foundation.framework */,
				27ED401818DB477800B29D34 /* CoreGraphics.framework */,
				27ED401A18DB477800B29D34 /* UIKit.framework */,
				27ED403518DB477800B29D34 /* XCTest.framework */,
			);
			name = Frameworks;
			sourceTree = "<group>";
		};
		27ED401C18DB477800B29D34 /* HelloTiP */ = {
			isa = PBXGroup;
			children = (
				27ED402818DB477800B29D34 /* Main.storyboard */,
				27ED402518DB477800B29D34 /* HTAppDelegate.h */,
				27ED402618DB477800B29D34 /* HTAppDelegate.m */,
				27ED402B18DB477800B29D34 /* HTViewController.h */,
				27ED402C18DB477800B29D34 /* HTViewController.m */,
				27ED401D18DB477800B29D34 /* Supporting Files */,
			);
			path = HelloTiP;
			sourceTree = "<group>";
		};
		27ED401D18DB477800B29D34 /* Supporting Files */ = {
			isa = PBXGroup;
			children = (
				27ED402E18DB477800B29D34 /* Images.xcassets */,
				27ED401E18DB477800B29D34 /* HelloTiP-Info.plist */,
				27ED401F18DB477800B29D34 /* InfoPlist.strings */,
				27ED402218DB477800B29D34 /* main.m */,
				27ED402418DB477800B29D34 /* HelloTiP-Prefix.pch */,
			);
			name = "Supporting Files";
			sourceTree = "<group>";
		};
		27ED403B18DB477800B29D34 /* HelloTiPTests */ = {
			isa = PBXGroup;
			children = (
				27ED404118DB477800B29D34 /* HelloTiPTests.m */,
				27ED403C18DB477800B29D34 /* Supporting Files */,
			);
			path = HelloTiPTests;
			sourceTree = "<group>";
		};
		27ED403C18DB477800B29D34 /* Supporting Files */ = {
			isa = PBXGroup;
			children = (
				27ED403D18DB477800B29D34 /* HelloTiPTests-Info.plist */,
				27ED403E18DB477800B29D34 /* InfoPlist.strings */,
			);
			name = "Supporting Files";
			sourceTree = "<group>";
		};
/* End PBXGroup section */

/* Begin PBXNativeTarget section */
		27ED401218DB477700B29D34 /* HelloTiP */ = {
			isa = PBXNativeTarget;
			buildConfigurationList = 27ED404518DB477800B29D34 /* Build configuration list for PBXNativeTarget "HelloTiP" */;
			buildPhases = (
				27ED400F18DB477700B29D34 /* Sources */,
				27ED401018DB477700B29D34 /* Frameworks */,
				27ED401118DB477700B29D34 /* Resources */,
			);
			buildRules = (
			);
			dependencies = (
			);
			name = HelloTiP;
			productName = HelloTiP;
			productReference = 27ED401318DB477700B29D34 /* HelloTiP.app */;
			productType = "com.apple.product-type.application";
		};
		27ED403318DB477800B29D34 /* HelloTiPTests */ = {
			isa = PBXNativeTarget;
			buildConfigurationList = 27ED404818DB477800B29D34 /* Build configuration list for PBXNativeTarget "HelloTiPTests" */;
			buildPhases = (
				27ED403018DB477800B29D34 /* Sources */,
				27ED403118DB477800B29D34 /* Frameworks */,
				27ED403218DB477800B29D34 /* Resources */,
			);
			buildRules = (
			);
			dependencies = (
				27ED403A18DB477800B29D34 /* PBXTargetDependency */,
			);
			name = HelloTiPTests;
			productName = HelloTiPTests;
			productReference = 27ED403418DB477800B29D34 /* HelloTiPTests.xctest */;
			productType = "com.apple.product-type.bundle.unit-test";
		};
/* End PBXNativeTarget section */

/* Begin PBXProject section */
		27ED400B18DB477700B29D34 /* Project object */ = {
			isa = PBXProject;
			attributes = {
				CLASSPREFIX = HT;
				LastUpgradeCheck = 0510;
				ORGANIZATIONNAME = "Today's iPhone";
				TargetAttributes = {
					27ED403318DB477800B29D34 = {
						TestTargetID = 27ED401218DB477700B29D34;
					};
				};
			};
			buildConfigurationList = 27ED400E18DB477700B29D34 /* Build configuration list for PBXProject "HelloTiP" */;
			compatibilityVersion = "Xcode 3.2";
			developmentRegion = English;
			hasScannedForEncodings = 0;
			knownRegions = (
				en,
				Base,
			);
			mainGroup = 27ED400A18DB477700B29D34;
			productRefGroup = 27ED401418DB477700B29D34 /* Products */;
			projectDirPath = "";
			projectRoot = "";
			targets = (
				27ED401218DB477700B29D34 /* HelloTiP */,
				27ED403318DB477800B29D34 /* HelloTiPTests */,
			);
		};
/* End PBXProject section */

/* Begin PBXResourcesBuildPhase section */
		27ED401118DB477700B29D34 /* Resources */ = {
			isa = PBXResourcesBuildPhase;
			buildActionMask = 2147483647;
			files = (
				27ED402F18DB477800B29D34 /* Images.xcassets in Resources */,
				27ED402118DB477800B29D34 /* InfoPlist.strings in Resources */,
				27ED402A18DB477800B29D34 /* Main.storyboard in Resources */,
			);
			runOnlyForDeploymentPostprocessing = 0;
		};
		27ED403218DB477800B29D34 /* Resources */ = {
			isa = PBXResourcesBuildPhase;
			buildActionMask = 2147483647;
			files = (
				27ED404018DB477800B29D34 /* InfoPlist.strings in Resources */,
			);
			runOnlyForDeploymentPostprocessing = 0;
		};
/* End PBXResourcesBuildPhase section */

/* Begin PBXSourcesBuildPhase section */
		27ED400F18DB477700B29D34 /* Sources */ = {
			isa = PBXSourcesBuildPhase;
			buildActionMask = 2147483647;
			files = (
				27ED402D18DB477800B29D34 /* HTViewController.m in Sources */,
				27ED402718DB477800B29D34 /* HTAppDelegate.m in Sources */,
				27ED402318DB477800B29D34 /* main.m in Sources */,
			);
			runOnlyForDeploymentPostprocessing = 0;
		};
		27ED403018DB477800B29D34 /* Sources */ = {
			isa = PBXSourcesBuildPhase;
			buildActionMask = 2147483647;
			files = (
				27ED404218DB477800B29D34 /* HelloTiPTests.m in Sources */,
			);
			runOnlyForDeploymentPostprocessing = 0;
		};
/* End PBXSourcesBuildPhase section */

/* Begin PBXTargetDependency section */
		27ED403A18DB477800B29D34 /* PBXTargetDependency */ = {
			isa = PBXTargetDependency;
			target = 27ED401218DB477700B29D34 /* HelloTiP */;
			targetProxy = 27ED403918DB477800B29D34 /* PBXContainerItemProxy */;
		};
/* End PBXTargetDependency section */

/* Begin PBXVariantGroup section */
		27ED401F18DB477800B29D34 /* InfoPlist.strings */ = {
			isa = PBXVariantGroup;
			children = (
				27ED402018DB477800B29D34 /* en */,
			);
			name = InfoPlist.strings;
			sourceTree = "<group>";
		};
		27ED402818DB477800B29D34 /* Main.storyboard */ = {
			isa = PBXVariantGroup;
			children = (
				27ED402918DB477800B29D34 /* Base */,
			);
			name = Main.storyboard;
			sourceTree = "<group>";
		};
		27ED403E18DB477800B29D34 /* InfoPlist.strings */ = {
			isa = PBXVariantGroup;
			children = (
				27ED403F18DB477800B29D34 /* en */,
			);
			name = InfoPlist.strings;
			sourceTree = "<group>";
		};
/* End PBXVariantGroup section */

/* Begin XCBuildConfiguration section */
		27ED404318DB477800B29D34 /* Debug */ = {
			isa = XCBuildConfiguration;
			buildSettings = {
				ALWAYS_SEARCH_USER_PATHS = NO;
				CLANG_CXX_LANGUAGE_STANDARD = "gnu++0x";
				CLANG_CXX_LIBRARY = "libc++";
				CLANG_ENABLE_MODULES = YES;
				CLANG_ENABLE_OBJC_ARC = YES;
				CLANG_WARN_BOOL_CONVERSION = YES;
				CLANG_WARN_CONSTANT_CONVERSION = YES;
				CLANG_WARN_DIRECT_OBJC_ISA_USAGE = YES_ERROR;
				CLANG_WARN_EMPTY_BODY = YES;
				CLANG_WARN_ENUM_CONVERSION = YES;
				CLANG_WARN_INT_CONVERSION = YES;
				CLANG_WARN_OBJC_ROOT_CLASS = YES_ERROR;
				CLANG_WARN__DUPLICATE_METHOD_MATCH = YES;
				"CODE_SIGN_IDENTITY[sdk=iphoneos*]" = "iPhone Developer";
				COPY_PHASE_STRIP = NO;
				GCC_C_LANGUAGE_STANDARD = gnu99;
				GCC_DYNAMIC_NO_PIC = NO;
				GCC_OPTIMIZATION_LEVEL = 0;
				GCC_PREPROCESSOR_DEFINITIONS = (
					"DEBUG=1",
					"$(inherited)",
				);
				GCC_SYMBOLS_PRIVATE_EXTERN = NO;
				GCC_WARN_64_TO_32_BIT_CONVERSION = YES;
				GCC_WARN_ABOUT_RETURN_TYPE = YES_ERROR;
				GCC_WARN_UNDECLARED_SELECTOR = YES;
				GCC_WARN_UNINITIALIZED_AUTOS = YES_AGGRESSIVE;
				GCC_WARN_UNUSED_FUNCTION = YES;
				GCC_WARN_UNUSED_VARIABLE = YES;
				IPHONEOS_DEPLOYMENT_TARGET = 7.1;
				ONLY_ACTIVE_ARCH = YES;
				SDKROOT = iphoneos;
			};
			name = Debug;
		};
		27ED404418DB477800B29D34 /* Release */ = {
			isa = XCBuildConfiguration;
			buildSettings = {
				ALWAYS_SEARCH_USER_PATHS = NO;
				CLANG_CXX_LANGUAGE_STANDARD = "gnu++0x";
				CLANG_CXX_LIBRARY = "libc++";
				CLANG_ENABLE_MODULES = YES;
				CLANG_ENABLE_OBJC_ARC = YES;
				CLANG_WARN_BOOL_CONVERSION = YES;
				CLANG_WARN_CONSTANT_CONVERSION = YES;
				CLANG_WARN_DIRECT_OBJC_ISA_USAGE = YES_ERROR;
				CLANG_WARN_EMPTY_BODY = YES;
				CLANG_WARN_ENUM_CONVERSION = YES;
				CLANG_WARN_INT_CONVERSION = YES;
				CLANG_WARN_OBJC_ROOT_CLASS = YES_ERROR;
				CLANG_WARN__DUPLICATE_METHOD_MATCH = YES;
				"CODE_SIGN_IDENTITY[sdk=iphoneos*]" = "iPhone Developer";
				COPY_PHASE_STRIP = YES;
				ENABLE_NS_ASSERTIONS = NO;
				GCC_C_LANGUAGE_STANDARD = gnu99;
				GCC_WARN_64_TO_32_BIT_CONVERSION = YES;
				GCC_WARN_ABOUT_RETURN_TYPE = YES_ERROR;
				GCC_WARN_UNDECLARED_SELECTOR = YES;
				GCC_WARN_UNINITIALIZED_AUTOS = YES_AGGRESSIVE;
				GCC_WARN_UNUSED_FUNCTION = YES;
				GCC_WARN_UNUSED_VARIABLE = YES;
				IPHONEOS_DEPLOYMENT_TARGET = 7.1;
				SDKROOT = iphoneos;
				VALIDATE_PRODUCT = YES;
			};
			name = Release;
		};
		27ED404618DB477800B29D34 /* Debug */ = {
			isa = XCBuildConfiguration;
			buildSettings = {
				ASSETCATALOG_COMPILER_APPICON_NAME = AppIcon;
				ASSETCATALOG_COMPILER_LAUNCHIMAGE_NAME = LaunchImage;
				GCC_PRECOMPILE_PREFIX_HEADER = YES;
				GCC_PREFIX_HEADER = "HelloTiP/HelloTiP-Prefix.pch";
				INFOPLIST_FILE = "HelloTiP/HelloTiP-Info.plist";
				PRODUCT_NAME = "$(TARGET_NAME)";
				WRAPPER_EXTENSION = app;
			};
			name = Debug;
		};
		27ED404718DB477800B29D34 /* Release */ = {
			isa = XCBuildConfiguration;
			buildSettings = {
				ASSETCATALOG_COMPILER_APPICON_NAME = AppIcon;
				ASSETCATALOG_COMPILER_LAUNCHIMAGE_NAME = LaunchImage;
				GCC_PRECOMPILE_PREFIX_HEADER = YES;
				GCC_PREFIX_HEADER = "HelloTiP/HelloTiP-Prefix.pch";
				INFOPLIST_FILE = "HelloTiP/HelloTiP-Info.plist";
				PRODUCT_NAME = "$(TARGET_NAME)";
				WRAPPER_EXTENSION = app;
			};
			name = Release;
		};
		27ED404918DB477800B29D34 /* Debug */ = {
			isa = XCBuildConfiguration;
			buildSettings = {
				BUNDLE_LOADER = "$(BUILT_PRODUCTS_DIR)/HelloTiP.app/HelloTiP";
				FRAMEWORK_SEARCH_PATHS = (
					"$(SDKROOT)/Developer/Library/Frameworks",
					"$(inherited)",
					"$(DEVELOPER_FRAMEWORKS_DIR)",
				);
				GCC_PRECOMPILE_PREFIX_HEADER = YES;
				GCC_PREFIX_HEADER = "HelloTiP/HelloTiP-Prefix.pch";
				GCC_PREPROCESSOR_DEFINITIONS = (
					"DEBUG=1",
					"$(inherited)",
				);
				INFOPLIST_FILE = "HelloTiPTests/HelloTiPTests-Info.plist";
				PRODUCT_NAME = "$(TARGET_NAME)";
				TEST_HOST = "$(BUNDLE_LOADER)";
				WRAPPER_EXTENSION = xctest;
			};
			name = Debug;
		};
		27ED404A18DB477800B29D34 /* Release */ = {
			isa = XCBuildConfiguration;
			buildSettings = {
				BUNDLE_LOADER = "$(BUILT_PRODUCTS_DIR)/HelloTiP.app/HelloTiP";
				FRAMEWORK_SEARCH_PATHS = (
					"$(SDKROOT)/Developer/Library/Frameworks",
					"$(inherited)",
					"$(DEVELOPER_FRAMEWORKS_DIR)",
				);
				GCC_PRECOMPILE_PREFIX_HEADER = YES;
				GCC_PREFIX_HEADER = "HelloTiP/HelloTiP-Prefix.pch";
				INFOPLIST_FILE = "HelloTiPTests/HelloTiPTests-Info.plist";
				PRODUCT_NAME = "$(TARGET_NAME)";
				TEST_HOST = "$(BUNDLE_LOADER)";
				WRAPPER_EXTENSION = xctest;
			};
			name = Release;
		};
/* End XCBuildConfiguration section */

/* Begin XCConfigurationList section */
		27ED400E18DB477700B29D34 /* Build configuration list for PBXProject "HelloTiP" */ = {
			isa = XCConfigurationList;
			buildConfigurations = (
				27ED404318DB477800B29D34 /* Debug */,
				27ED404418DB477800B29D34 /* Release */,
			);
			defaultConfigurationIsVisible = 0;
			defaultConfigurationName = Release;
		};
		27ED404518DB477800B29D34 /* Build configuration list for PBXNativeTarget "HelloTiP" */ = {
			isa = XCConfigurationList;
			buildConfigurations = (
				27ED404618DB477800B29D34 /* Debug */,
				27ED404718DB477800B29D34 /* Release */,
			);
			defaultConfigurationIsVisible = 0;
		};
		27ED404818DB477800B29D34 /* Build configuration list for PBXNativeTarget "HelloTiPTests" */ = {
			isa = XCConfigurationList;
			buildConfigurations = (
				27ED404918DB477800B29D34 /* Debug */,
				27ED404A18DB477800B29D34 /* Release */,
			);
			defaultConfigurationIsVisible = 0;
		};
/* End XCConfigurationList section */
	};
	rootObject = 27ED400B18DB477700B29D34 /* Project object */;
}
